
Microsoft Visual Studio Solution File, Format Version 12.00
# Visual Studio Version 17
VisualStudioVersion = 17.3.32929.385
MinimumVisualStudioVersion = 10.0.40219.1
Project("{8BC9CEB8-8B4A-11D0-8D11-00A0C91BC942}") = "Project_M3", "Project_M3.vcxproj", "{163F7375-2C9F-4BDB-84F1-0F9E3BA817DA}"
EndProject
Global
	GlobalSection(SolutionConfigurationPlatforms) = preSolution
		Debug|x64 = Debug|x64
		Debug|x86 = Debug|x86
		Release|x64 = Release|x64
		Release|x86 = Release|x86
	EndGlobalSection
	GlobalSection(ProjectConfigurationPlatforms) = postSolution
		{163F7375-2C9F-4BDB-84F1-0F9E3BA817DA}.Debug|x64.ActiveCfg = Debug|x64
		{163F7375-2C9F-4BDB-84F1-0F9E3BA817DA}.Debug|x64.Build.0 = Debug|x64
		{163F7375-2C9F-4BDB-84F1-0F9E3BA817DA}.Debug|x86.ActiveCfg = Debug|Win32
		{163F7375-2C9F-4BDB-84F1-0F9E3BA817DA}.Debug|x86.Build.0 = Debug|Win32
		{163F7375-2C9F-4BDB-84F1-0F9E3BA817DA}.Release|x64.ActiveCfg = Release|x64
		{163F7375-2C9F-4BDB-84F1-0F9E3BA817DA}.Release|x64.Build.0 = Release|x64
		{163F7375-2C9F-4BDB-84F1-0F9E3BA817DA}.Release|x86.ActiveCfg = Release|Win32
		{163F7375-2C9F-4BDB-84F1-0F9E3BA817DA}.Release|x86.Build.0 = Release|Win32
	EndGlobalSection
	GlobalSection(SolutionProperties) = preSolution
		HideSolutionNode = FALSE
	EndGlobalSection
	GlobalSection(ExtensibilityGlobals) = postSolution
		SolutionGuid = {43367F1B-FD83-47FE-9A1A-D0F64F4FC87A}
	EndGlobalSection
EndGlobal
