<?xml version="1.0" encoding="utf-8"?>
<Project ToolsVersion="4.0" xmlns="http://schemas.microsoft.com/developer/msbuild/2003">
  <ItemGroup>
    <ClInclude Include="common.h" />
    <ClInclude Include="vk_mem_alloc.h" />
    <ClInclude Include="VKRenderer.h" />
    <ClInclude Include="VKDevice.h" />
    <ClInclude Include="VKDeviceContext.h" />
    <ClInclude Include="VKImage.h" />
    <ClInclude Include="VKBuffer.h" />
    <ClInclude Include="VKTexture.h" />
  </ItemGroup>
  <ItemGroup>
    <ClCompile Include="VKRenderer.cpp" />
    <ClCompile Include="VKDevice.cpp" />
    <ClCompile Include="VKDeviceContext.cpp" />
    <ClCompile Include="VKImage.cpp" />
    <ClCompile Include="VKBuffer.cpp" />
    <ClCompile Include="VKTexture.cpp" />
  </ItemGroup>
  <ItemGroup>
    <None Include="cpp.hint" />
  </ItemGroup>
</Project>